
Microsoft Visual Studio Solution File, Format Version 12.00
# Visual Studio Version 17
VisualStudioVersion = 17.5.33516.290
MinimumVisualStudioVersion = 10.0.40219.1
Project("{9A19103F-16F7-4668-BE54-9A1E7A4F7556}") = "STOView", "STOView\STOView.csproj", "{57B42CA9-DC03-4705-BCDA-4B367028857E}"
EndProject
Project("{9A19103F-16F7-4668-BE54-9A1E7A4F7556}") = "STODataModels", "STODataModels\STODataModels.csproj", "{A3F34BD4-4F04-4E21-8C8B-115E681957E8}"
EndProject
Project("{9A19103F-16F7-4668-BE54-9A1E7A4F7556}") = "STOContracts", "STOContracts\STOContracts.csproj", "{F5B0E7C1-7436-43A3-A497-21FA04882360}"
EndProject
Project("{9A19103F-16F7-4668-BE54-9A1E7A4F7556}") = "STOBusinessLogic", "STOBusinessLogic\STOBusinessLogic.csproj", "{90FBC077-24C7-4EF8-8AC9-172AB6A7DC8C}"
EndProject
Project("{9A19103F-16F7-4668-BE54-9A1E7A4F7556}") = "STODatabaseImplement", "STODatabaseImplement\STODatabaseImplement.csproj", "{E6195FD3-5524-4AD7-A387-4925559485CE}"
EndProject
Global
	GlobalSection(SolutionConfigurationPlatforms) = preSolution
		Debug|Any CPU = Debug|Any CPU
		Release|Any CPU = Release|Any CPU
	EndGlobalSection
	GlobalSection(ProjectConfigurationPlatforms) = postSolution
		{57B42CA9-DC03-4705-BCDA-4B367028857E}.Debug|Any CPU.ActiveCfg = Debug|Any CPU
		{57B42CA9-DC03-4705-BCDA-4B367028857E}.Debug|Any CPU.Build.0 = Debug|Any CPU
		{57B42CA9-DC03-4705-BCDA-4B367028857E}.Release|Any CPU.ActiveCfg = Release|Any CPU
		{57B42CA9-DC03-4705-BCDA-4B367028857E}.Release|Any CPU.Build.0 = Release|Any CPU
		{A3F34BD4-4F04-4E21-8C8B-115E681957E8}.Debug|Any CPU.ActiveCfg = Debug|Any CPU
		{A3F34BD4-4F04-4E21-8C8B-115E681957E8}.Debug|Any CPU.Build.0 = Debug|Any CPU
		{A3F34BD4-4F04-4E21-8C8B-115E681957E8}.Release|Any CPU.ActiveCfg = Release|Any CPU
		{A3F34BD4-4F04-4E21-8C8B-115E681957E8}.Release|Any CPU.Build.0 = Release|Any CPU
		{F5B0E7C1-7436-43A3-A497-21FA04882360}.Debug|Any CPU.ActiveCfg = Debug|Any CPU
		{F5B0E7C1-7436-43A3-A497-21FA04882360}.Debug|Any CPU.Build.0 = Debug|Any CPU
		{F5B0E7C1-7436-43A3-A497-21FA04882360}.Release|Any CPU.ActiveCfg = Release|Any CPU
		{F5B0E7C1-7436-43A3-A497-21FA04882360}.Release|Any CPU.Build.0 = Release|Any CPU
		{90FBC077-24C7-4EF8-8AC9-172AB6A7DC8C}.Debug|Any CPU.ActiveCfg = Debug|Any CPU
		{90FBC077-24C7-4EF8-8AC9-172AB6A7DC8C}.Debug|Any CPU.Build.0 = Debug|Any CPU
		{90FBC077-24C7-4EF8-8AC9-172AB6A7DC8C}.Release|Any CPU.ActiveCfg = Release|Any CPU
		{90FBC077-24C7-4EF8-8AC9-172AB6A7DC8C}.Release|Any CPU.Build.0 = Release|Any CPU
		{E6195FD3-5524-4AD7-A387-4925559485CE}.Debug|Any CPU.ActiveCfg = Debug|Any CPU
		{E6195FD3-5524-4AD7-A387-4925559485CE}.Debug|Any CPU.Build.0 = Debug|Any CPU
		{E6195FD3-5524-4AD7-A387-4925559485CE}.Release|Any CPU.ActiveCfg = Release|Any CPU
		{E6195FD3-5524-4AD7-A387-4925559485CE}.Release|Any CPU.Build.0 = Release|Any CPU
	EndGlobalSection
	GlobalSection(SolutionProperties) = preSolution
		HideSolutionNode = FALSE
	EndGlobalSection
	GlobalSection(ExtensibilityGlobals) = postSolution
		SolutionGuid = {4E0AA942-CAF9-486C-9B34-FAC331F8F845}
	EndGlobalSection
EndGlobal
